
Microsoft Visual Studio Solution File, Format Version 12.00
# Visual Studio Version 17
VisualStudioVersion = 17.0.32014.148
MinimumVisualStudioVersion = 10.0.40219.1
Project("{FAE04EC0-301F-11D3-BF4B-00C04F79EFBC}") = "MVC1Crud", "MVC1Crud\MVC1Crud.csproj", "{B4176487-72DF-4FCB-9802-EF50D5A50457}"
EndProject
Global
	GlobalSection(SolutionConfigurationPlatforms) = preSolution
		Debug|Any CPU = Debug|Any CPU
		Release|Any CPU = Release|Any CPU
	EndGlobalSection
	GlobalSection(ProjectConfigurationPlatforms) = postSolution
		{B4176487-72DF-4FCB-9802-EF50D5A50457}.Debug|Any CPU.ActiveCfg = Debug|Any CPU
		{B4176487-72DF-4FCB-9802-EF50D5A50457}.Debug|Any CPU.Build.0 = Debug|Any CPU
		{B4176487-72DF-4FCB-9802-EF50D5A50457}.Release|Any CPU.ActiveCfg = Release|Any CPU
		{B4176487-72DF-4FCB-9802-EF50D5A50457}.Release|Any CPU.Build.0 = Release|Any CPU
	EndGlobalSection
	GlobalSection(SolutionProperties) = preSolution
		HideSolutionNode = FALSE
	EndGlobalSection
	GlobalSection(ExtensibilityGlobals) = postSolution
		SolutionGuid = {FFA2973B-705A-4739-93EF-060DE1A6A8D5}
	EndGlobalSection
EndGlobal
